// !$*UTF8*$!
{
	archiveVersion = 1;
	classes = {
	};
	objectVersion = 46;
	objects = {

/* Begin PBXBuildFile section */
		E40AFADA196C9045002E9744 /* OSItemDetailViewController.m in Sources */ = {isa = PBXBuildFile; fileRef = E40AFAD9196C9045002E9744 /* OSItemDetailViewController.m */; };
		E40AFAE5196CE6D6002E9744 /* GKLParallaxPicturesViewController.m in Sources */ = {isa = PBXBuildFile; fileRef = E40AFAE4196CE6D6002E9744 /* GKLParallaxPicturesViewController.m */; };
		E4621B77195A0A58003761AD /* Foundation.framework in Frameworks */ = {isa = PBXBuildFile; fileRef = E4621B76195A0A58003761AD /* Foundation.framework */; };
		E4621B79195A0A58003761AD /* CoreGraphics.framework in Frameworks */ = {isa = PBXBuildFile; fileRef = E4621B78195A0A58003761AD /* CoreGraphics.framework */; };
		E4621B7B195A0A58003761AD /* UIKit.framework in Frameworks */ = {isa = PBXBuildFile; fileRef = E4621B7A195A0A58003761AD /* UIKit.framework */; };
		E4621B81195A0A58003761AD /* InfoPlist.strings in Resources */ = {isa = PBXBuildFile; fileRef = E4621B7F195A0A58003761AD /* InfoPlist.strings */; };
		E4621B83195A0A58003761AD /* main.m in Sources */ = {isa = PBXBuildFile; fileRef = E4621B82195A0A58003761AD /* main.m */; };
		E4621B87195A0A58003761AD /* OSAppDelegate.m in Sources */ = {isa = PBXBuildFile; fileRef = E4621B86195A0A58003761AD /* OSAppDelegate.m */; };
		E4621B89195A0A58003761AD /* Images.xcassets in Resources */ = {isa = PBXBuildFile; fileRef = E4621B88195A0A58003761AD /* Images.xcassets */; };
		E4621B90195A0A58003761AD /* XCTest.framework in Frameworks */ = {isa = PBXBuildFile; fileRef = E4621B8F195A0A58003761AD /* XCTest.framework */; };
		E4621B91195A0A58003761AD /* Foundation.framework in Frameworks */ = {isa = PBXBuildFile; fileRef = E4621B76195A0A58003761AD /* Foundation.framework */; };
		E4621B92195A0A58003761AD /* UIKit.framework in Frameworks */ = {isa = PBXBuildFile; fileRef = E4621B7A195A0A58003761AD /* UIKit.framework */; };
		E4621B9A195A0A58003761AD /* InfoPlist.strings in Resources */ = {isa = PBXBuildFile; fileRef = E4621B98195A0A58003761AD /* InfoPlist.strings */; };
		E4621B9C195A0A58003761AD /* OpenShelfTests.m in Sources */ = {isa = PBXBuildFile; fileRef = E4621B9B195A0A58003761AD /* OpenShelfTests.m */; };
		E4621BA7195A0DEA003761AD /* iPhone.storyboard in Resources */ = {isa = PBXBuildFile; fileRef = E4621BA6195A0DEA003761AD /* iPhone.storyboard */; };
		E46B9978197D801B00DEDD0B /* OSParallaxTableViewController.m in Sources */ = {isa = PBXBuildFile; fileRef = E46B9977197D801B00DEDD0B /* OSParallaxTableViewController.m */; };
		E46B9986197EFE0D00DEDD0B /* OSPagingImageScrollView.m in Sources */ = {isa = PBXBuildFile; fileRef = E46B9985197EFE0D00DEDD0B /* OSPagingImageScrollView.m */; };
		E46B9990197F308900DEDD0B /* UIView+Utilities.m in Sources */ = {isa = PBXBuildFile; fileRef = E46B998F197F308900DEDD0B /* UIView+Utilities.m */; };
		E46B999C197F39E900DEDD0B /* UITextView+Utilities.m in Sources */ = {isa = PBXBuildFile; fileRef = E46B999B197F39E900DEDD0B /* UITextView+Utilities.m */; };
		E48BCCEE1966393B006D42BE /* RECommonFunctions.m in Sources */ = {isa = PBXBuildFile; fileRef = E48BCCE31966393B006D42BE /* RECommonFunctions.m */; };
		E48BCCEF1966393B006D42BE /* REFrostedContainerViewController.m in Sources */ = {isa = PBXBuildFile; fileRef = E48BCCE51966393B006D42BE /* REFrostedContainerViewController.m */; };
		E48BCCF01966393B006D42BE /* REFrostedViewController.m in Sources */ = {isa = PBXBuildFile; fileRef = E48BCCE71966393B006D42BE /* REFrostedViewController.m */; };
		E48BCCF11966393B006D42BE /* UIImage+REFrostedViewController.m in Sources */ = {isa = PBXBuildFile; fileRef = E48BCCE91966393B006D42BE /* UIImage+REFrostedViewController.m */; };
		E48BCCF21966393B006D42BE /* UIView+REFrostedViewController.m in Sources */ = {isa = PBXBuildFile; fileRef = E48BCCEB1966393B006D42BE /* UIView+REFrostedViewController.m */; };
		E48BCCF31966393B006D42BE /* UIViewController+REFrostedViewController.m in Sources */ = {isa = PBXBuildFile; fileRef = E48BCCED1966393B006D42BE /* UIViewController+REFrostedViewController.m */; };
		E4CB507819632C2C00E73A9C /* OSAccountViewController.m in Sources */ = {isa = PBXBuildFile; fileRef = E4D8C470195B952D0051E76C /* OSAccountViewController.m */; };
		E4CB507D19632DE500E73A9C /* OSMainViewController.m in Sources */ = {isa = PBXBuildFile; fileRef = E4CB507C19632DE500E73A9C /* OSMainViewController.m */; };
		E4CB508D19636F7600E73A9C /* OSNetworking.m in Sources */ = {isa = PBXBuildFile; fileRef = E4CB508C19636F7600E73A9C /* OSNetworking.m */; };
		E4CB5091196397B300E73A9C /* OSContentTableViewController.m in Sources */ = {isa = PBXBuildFile; fileRef = E4CB5090196397B300E73A9C /* OSContentTableViewController.m */; };
		E4CB5096196397D800E73A9C /* OSContentViewController.m in Sources */ = {isa = PBXBuildFile; fileRef = E4CB5093196397D800E73A9C /* OSContentViewController.m */; };
		E4CB5097196397D800E73A9C /* OSSearchViewController.m in Sources */ = {isa = PBXBuildFile; fileRef = E4CB5095196397D800E73A9C /* OSSearchViewController.m */; };
		E4CB50AA19649A0300E73A9C /* NSString+StyleConversions.m in Sources */ = {isa = PBXBuildFile; fileRef = E4CB50A919649A0300E73A9C /* NSString+StyleConversions.m */; };
		E4CB50AD19649EE500E73A9C /* OSItem.m in Sources */ = {isa = PBXBuildFile; fileRef = E4CB50AC19649EE500E73A9C /* OSItem.m */; };
		E4CB50B01964A20C00E73A9C /* NSObject+MappableObject.m in Sources */ = {isa = PBXBuildFile; fileRef = E4CB50AF1964A20C00E73A9C /* NSObject+MappableObject.m */; };
		E4CB50B31964B66A00E73A9C /* OSUser.m in Sources */ = {isa = PBXBuildFile; fileRef = E4CB50B21964B66A00E73A9C /* OSUser.m */; };
		E4CB50B61964BD6B00E73A9C /* OSAddress.m in Sources */ = {isa = PBXBuildFile; fileRef = E4CB50B51964BD6B00E73A9C /* OSAddress.m */; };
		E4CB50B91964BE7400E73A9C /* OSDeliveryLocation.m in Sources */ = {isa = PBXBuildFile; fileRef = E4CB50B81964BE7400E73A9C /* OSDeliveryLocation.m */; };
		E4CB50BC1964BE9600E73A9C /* OSCreditCard.m in Sources */ = {isa = PBXBuildFile; fileRef = E4CB50BB1964BE9600E73A9C /* OSCreditCard.m */; };
		E4CB50BF1964BFAD00E73A9C /* OSStockItem.m in Sources */ = {isa = PBXBuildFile; fileRef = E4CB50BE1964BFAD00E73A9C /* OSStockItem.m */; };
		E4CB50C21964C0CD00E73A9C /* OSSubscription.m in Sources */ = {isa = PBXBuildFile; fileRef = E4CB50C11964C0CD00E73A9C /* OSSubscription.m */; };
		E4CB50C51964C86200E73A9C /* OSItemTableViewCell.m in Sources */ = {isa = PBXBuildFile; fileRef = E4CB50C41964C86200E73A9C /* OSItemTableViewCell.m */; };
		E4D8C478195B952D0051E76C /* OSSideMenuViewController.m in Sources */ = {isa = PBXBuildFile; fileRef = E4D8C472195B952D0051E76C /* OSSideMenuViewController.m */; };
		E4D8C479195B952D0051E76C /* OSMainNavigationController.m in Sources */ = {isa = PBXBuildFile; fileRef = E4D8C474195B952D0051E76C /* OSMainNavigationController.m */; };
		E4D8C47A195B952D0051E76C /* OSExploreViewController.m in Sources */ = {isa = PBXBuildFile; fileRef = E4D8C476195B952D0051E76C /* OSExploreViewController.m */; };
/* End PBXBuildFile section */

/* Begin PBXContainerItemProxy section */
		E4621B93195A0A58003761AD /* PBXContainerItemProxy */ = {
			isa = PBXContainerItemProxy;
			containerPortal = E4621B6B195A0A58003761AD /* Project object */;
			proxyType = 1;
			remoteGlobalIDString = E4621B72195A0A58003761AD;
			remoteInfo = OpenShelf;
		};
/* End PBXContainerItemProxy section */

/* Begin PBXFileReference section */
		E40AFAD8196C9045002E9744 /* OSItemDetailViewController.h */ = {isa = PBXFileReference; fileEncoding = 4; lastKnownFileType = sourcecode.c.h; path = OSItemDetailViewController.h; sourceTree = "<group>"; };
		E40AFAD9196C9045002E9744 /* OSItemDetailViewController.m */ = {isa = PBXFileReference; fileEncoding = 4; lastKnownFileType = sourcecode.c.objc; path = OSItemDetailViewController.m; sourceTree = "<group>"; };
		E40AFAE3196CE6D6002E9744 /* GKLParallaxPicturesViewController.h */ = {isa = PBXFileReference; fileEncoding = 4; lastKnownFileType = sourcecode.c.h; path = GKLParallaxPicturesViewController.h; sourceTree = "<group>"; };
		E40AFAE4196CE6D6002E9744 /* GKLParallaxPicturesViewController.m */ = {isa = PBXFileReference; fileEncoding = 4; lastKnownFileType = sourcecode.c.objc; path = GKLParallaxPicturesViewController.m; sourceTree = "<group>"; };
		E4621B73195A0A58003761AD /* OpenShelf.app */ = {isa = PBXFileReference; explicitFileType = wrapper.application; includeInIndex = 0; path = OpenShelf.app; sourceTree = BUILT_PRODUCTS_DIR; };
		E4621B76195A0A58003761AD /* Foundation.framework */ = {isa = PBXFileReference; lastKnownFileType = wrapper.framework; name = Foundation.framework; path = System/Library/Frameworks/Foundation.framework; sourceTree = SDKROOT; };
		E4621B78195A0A58003761AD /* CoreGraphics.framework */ = {isa = PBXFileReference; lastKnownFileType = wrapper.framework; name = CoreGraphics.framework; path = System/Library/Frameworks/CoreGraphics.framework; sourceTree = SDKROOT; };
		E4621B7A195A0A58003761AD /* UIKit.framework */ = {isa = PBXFileReference; lastKnownFileType = wrapper.framework; name = UIKit.framework; path = System/Library/Frameworks/UIKit.framework; sourceTree = SDKROOT; };
		E4621B7E195A0A58003761AD /* OpenShelf-Info.plist */ = {isa = PBXFileReference; lastKnownFileType = text.plist.xml; path = "OpenShelf-Info.plist"; sourceTree = "<group>"; };
		E4621B80195A0A58003761AD /* en */ = {isa = PBXFileReference; lastKnownFileType = text.plist.strings; name = en; path = en.lproj/InfoPlist.strings; sourceTree = "<group>"; };
		E4621B82195A0A58003761AD /* main.m */ = {isa = PBXFileReference; lastKnownFileType = sourcecode.c.objc; path = main.m; sourceTree = "<group>"; };
		E4621B84195A0A58003761AD /* OpenShelf-Prefix.pch */ = {isa = PBXFileReference; lastKnownFileType = sourcecode.c.h; path = "OpenShelf-Prefix.pch"; sourceTree = "<group>"; };
		E4621B85195A0A58003761AD /* OSAppDelegate.h */ = {isa = PBXFileReference; lastKnownFileType = sourcecode.c.h; path = OSAppDelegate.h; sourceTree = "<group>"; };
		E4621B86195A0A58003761AD /* OSAppDelegate.m */ = {isa = PBXFileReference; lastKnownFileType = sourcecode.c.objc; path = OSAppDelegate.m; sourceTree = "<group>"; };
		E4621B88195A0A58003761AD /* Images.xcassets */ = {isa = PBXFileReference; lastKnownFileType = folder.assetcatalog; path = Images.xcassets; sourceTree = "<group>"; };
		E4621B8E195A0A58003761AD /* OpenShelfTests.xctest */ = {isa = PBXFileReference; explicitFileType = wrapper.cfbundle; includeInIndex = 0; path = OpenShelfTests.xctest; sourceTree = BUILT_PRODUCTS_DIR; };
		E4621B8F195A0A58003761AD /* XCTest.framework */ = {isa = PBXFileReference; lastKnownFileType = wrapper.framework; name = XCTest.framework; path = Library/Frameworks/XCTest.framework; sourceTree = DEVELOPER_DIR; };
		E4621B97195A0A58003761AD /* OpenShelfTests-Info.plist */ = {isa = PBXFileReference; lastKnownFileType = text.plist.xml; path = "OpenShelfTests-Info.plist"; sourceTree = "<group>"; };
		E4621B99195A0A58003761AD /* en */ = {isa = PBXFileReference; lastKnownFileType = text.plist.strings; name = en; path = en.lproj/InfoPlist.strings; sourceTree = "<group>"; };
		E4621B9B195A0A58003761AD /* OpenShelfTests.m */ = {isa = PBXFileReference; lastKnownFileType = sourcecode.c.objc; path = OpenShelfTests.m; sourceTree = "<group>"; };
		E4621BA6195A0DEA003761AD /* iPhone.storyboard */ = {isa = PBXFileReference; fileEncoding = 4; lastKnownFileType = file.storyboard; name = iPhone.storyboard; path = Storyboards/iPhone.storyboard; sourceTree = "<group>"; };
		E46B9976197D801B00DEDD0B /* OSParallaxTableViewController.h */ = {isa = PBXFileReference; fileEncoding = 4; lastKnownFileType = sourcecode.c.h; name = OSParallaxTableViewController.h; path = OpenShelf/OSParallaxTableViewController.h; sourceTree = "<group>"; };
		E46B9977197D801B00DEDD0B /* OSParallaxTableViewController.m */ = {isa = PBXFileReference; fileEncoding = 4; lastKnownFileType = sourcecode.c.objc; name = OSParallaxTableViewController.m; path = OpenShelf/OSParallaxTableViewController.m; sourceTree = "<group>"; };
		E46B9984197EFE0D00DEDD0B /* OSPagingImageScrollView.h */ = {isa = PBXFileReference; fileEncoding = 4; lastKnownFileType = sourcecode.c.h; path = OSPagingImageScrollView.h; sourceTree = "<group>"; };
		E46B9985197EFE0D00DEDD0B /* OSPagingImageScrollView.m */ = {isa = PBXFileReference; fileEncoding = 4; lastKnownFileType = sourcecode.c.objc; path = OSPagingImageScrollView.m; sourceTree = "<group>"; };
		E46B998E197F308900DEDD0B /* UIView+Utilities.h */ = {isa = PBXFileReference; fileEncoding = 4; lastKnownFileType = sourcecode.c.h; path = "UIView+Utilities.h"; sourceTree = "<group>"; };
		E46B998F197F308900DEDD0B /* UIView+Utilities.m */ = {isa = PBXFileReference; fileEncoding = 4; lastKnownFileType = sourcecode.c.objc; path = "UIView+Utilities.m"; sourceTree = "<group>"; };
		E46B999A197F39E900DEDD0B /* UITextView+Utilities.h */ = {isa = PBXFileReference; fileEncoding = 4; lastKnownFileType = sourcecode.c.h; path = "UITextView+Utilities.h"; sourceTree = "<group>"; };
		E46B999B197F39E900DEDD0B /* UITextView+Utilities.m */ = {isa = PBXFileReference; fileEncoding = 4; lastKnownFileType = sourcecode.c.objc; path = "UITextView+Utilities.m"; sourceTree = "<group>"; };
		E48BCCE21966393B006D42BE /* RECommonFunctions.h */ = {isa = PBXFileReference; fileEncoding = 4; lastKnownFileType = sourcecode.c.h; name = RECommonFunctions.h; path = OpenShelf/REFrostedViewController/REFrostedViewController/RECommonFunctions.h; sourceTree = "<group>"; };
		E48BCCE31966393B006D42BE /* RECommonFunctions.m */ = {isa = PBXFileReference; fileEncoding = 4; lastKnownFileType = sourcecode.c.objc; name = RECommonFunctions.m; path = OpenShelf/REFrostedViewController/REFrostedViewController/RECommonFunctions.m; sourceTree = "<group>"; };
		E48BCCE41966393B006D42BE /* REFrostedContainerViewController.h */ = {isa = PBXFileReference; fileEncoding = 4; lastKnownFileType = sourcecode.c.h; name = REFrostedContainerViewController.h; path = OpenShelf/REFrostedViewController/REFrostedViewController/REFrostedContainerViewController.h; sourceTree = "<group>"; };
		E48BCCE51966393B006D42BE /* REFrostedContainerViewController.m */ = {isa = PBXFileReference; fileEncoding = 4; lastKnownFileType = sourcecode.c.objc; name = REFrostedContainerViewController.m; path = OpenShelf/REFrostedViewController/REFrostedViewController/REFrostedContainerViewController.m; sourceTree = "<group>"; };
		E48BCCE61966393B006D42BE /* REFrostedViewController.h */ = {isa = PBXFileReference; fileEncoding = 4; lastKnownFileType = sourcecode.c.h; name = REFrostedViewController.h; path = OpenShelf/REFrostedViewController/REFrostedViewController/REFrostedViewController.h; sourceTree = "<group>"; };
		E48BCCE71966393B006D42BE /* REFrostedViewController.m */ = {isa = PBXFileReference; fileEncoding = 4; lastKnownFileType = sourcecode.c.objc; name = REFrostedViewController.m; path = OpenShelf/REFrostedViewController/REFrostedViewController/REFrostedViewController.m; sourceTree = "<group>"; };
		E48BCCE81966393B006D42BE /* UIImage+REFrostedViewController.h */ = {isa = PBXFileReference; fileEncoding = 4; lastKnownFileType = sourcecode.c.h; name = "UIImage+REFrostedViewController.h"; path = "OpenShelf/REFrostedViewController/REFrostedViewController/UIImage+REFrostedViewController.h"; sourceTree = "<group>"; };
		E48BCCE91966393B006D42BE /* UIImage+REFrostedViewController.m */ = {isa = PBXFileReference; fileEncoding = 4; lastKnownFileType = sourcecode.c.objc; name = "UIImage+REFrostedViewController.m"; path = "OpenShelf/REFrostedViewController/REFrostedViewController/UIImage+REFrostedViewController.m"; sourceTree = "<group>"; };
		E48BCCEA1966393B006D42BE /* UIView+REFrostedViewController.h */ = {isa = PBXFileReference; fileEncoding = 4; lastKnownFileType = sourcecode.c.h; name = "UIView+REFrostedViewController.h"; path = "OpenShelf/REFrostedViewController/REFrostedViewController/UIView+REFrostedViewController.h"; sourceTree = "<group>"; };
		E48BCCEB1966393B006D42BE /* UIView+REFrostedViewController.m */ = {isa = PBXFileReference; fileEncoding = 4; lastKnownFileType = sourcecode.c.objc; name = "UIView+REFrostedViewController.m"; path = "OpenShelf/REFrostedViewController/REFrostedViewController/UIView+REFrostedViewController.m"; sourceTree = "<group>"; };
		E48BCCEC1966393B006D42BE /* UIViewController+REFrostedViewController.h */ = {isa = PBXFileReference; fileEncoding = 4; lastKnownFileType = sourcecode.c.h; name = "UIViewController+REFrostedViewController.h"; path = "OpenShelf/REFrostedViewController/REFrostedViewController/UIViewController+REFrostedViewController.h"; sourceTree = "<group>"; };
		E48BCCED1966393B006D42BE /* UIViewController+REFrostedViewController.m */ = {isa = PBXFileReference; fileEncoding = 4; lastKnownFileType = sourcecode.c.objc; name = "UIViewController+REFrostedViewController.m"; path = "OpenShelf/REFrostedViewController/REFrostedViewController/UIViewController+REFrostedViewController.m"; sourceTree = "<group>"; };
		E4CB507B19632DE500E73A9C /* OSMainViewController.h */ = {isa = PBXFileReference; fileEncoding = 4; lastKnownFileType = sourcecode.c.h; name = OSMainViewController.h; path = OpenShelf/OSMainViewController.h; sourceTree = "<group>"; };
		E4CB507C19632DE500E73A9C /* OSMainViewController.m */ = {isa = PBXFileReference; fileEncoding = 4; lastKnownFileType = sourcecode.c.objc; name = OSMainViewController.m; path = OpenShelf/OSMainViewController.m; sourceTree = "<group>"; };
		E4CB508B19636F7600E73A9C /* OSNetworking.h */ = {isa = PBXFileReference; fileEncoding = 4; lastKnownFileType = sourcecode.c.h; path = OSNetworking.h; sourceTree = "<group>"; };
		E4CB508C19636F7600E73A9C /* OSNetworking.m */ = {isa = PBXFileReference; fileEncoding = 4; lastKnownFileType = sourcecode.c.objc; path = OSNetworking.m; sourceTree = "<group>"; };
		E4CB508F196397B300E73A9C /* OSContentTableViewController.h */ = {isa = PBXFileReference; fileEncoding = 4; lastKnownFileType = sourcecode.c.h; name = OSContentTableViewController.h; path = OpenShelf/OSContentTableViewController.h; sourceTree = "<group>"; };
		E4CB5090196397B300E73A9C /* OSContentTableViewController.m */ = {isa = PBXFileReference; fileEncoding = 4; lastKnownFileType = sourcecode.c.objc; name = OSContentTableViewController.m; path = OpenShelf/OSContentTableViewController.m; sourceTree = "<group>"; };
		E4CB5092196397D800E73A9C /* OSContentViewController.h */ = {isa = PBXFileReference; fileEncoding = 4; lastKnownFileType = sourcecode.c.h; name = OSContentViewController.h; path = OpenShelf/OSContentViewController.h; sourceTree = "<group>"; };
		E4CB5093196397D800E73A9C /* OSContentViewController.m */ = {isa = PBXFileReference; fileEncoding = 4; lastKnownFileType = sourcecode.c.objc; name = OSContentViewController.m; path = OpenShelf/OSContentViewController.m; sourceTree = "<group>"; };
		E4CB5094196397D800E73A9C /* OSSearchViewController.h */ = {isa = PBXFileReference; fileEncoding = 4; lastKnownFileType = sourcecode.c.h; name = OSSearchViewController.h; path = OpenShelf/OSSearchViewController.h; sourceTree = "<group>"; };
		E4CB5095196397D800E73A9C /* OSSearchViewController.m */ = {isa = PBXFileReference; fileEncoding = 4; lastKnownFileType = sourcecode.c.objc; name = OSSearchViewController.m; path = OpenShelf/OSSearchViewController.m; sourceTree = "<group>"; };
		E4CB50A819649A0300E73A9C /* NSString+StyleConversions.h */ = {isa = PBXFileReference; fileEncoding = 4; lastKnownFileType = sourcecode.c.h; path = "NSString+StyleConversions.h"; sourceTree = "<group>"; };
		E4CB50A919649A0300E73A9C /* NSString+StyleConversions.m */ = {isa = PBXFileReference; fileEncoding = 4; lastKnownFileType = sourcecode.c.objc; path = "NSString+StyleConversions.m"; sourceTree = "<group>"; };
		E4CB50AB19649EE500E73A9C /* OSItem.h */ = {isa = PBXFileReference; fileEncoding = 4; lastKnownFileType = sourcecode.c.h; path = OSItem.h; sourceTree = "<group>"; };
		E4CB50AC19649EE500E73A9C /* OSItem.m */ = {isa = PBXFileReference; fileEncoding = 4; lastKnownFileType = sourcecode.c.objc; path = OSItem.m; sourceTree = "<group>"; };
		E4CB50AE1964A20C00E73A9C /* NSObject+MappableObject.h */ = {isa = PBXFileReference; fileEncoding = 4; lastKnownFileType = sourcecode.c.h; path = "NSObject+MappableObject.h"; sourceTree = "<group>"; };
		E4CB50AF1964A20C00E73A9C /* NSObject+MappableObject.m */ = {isa = PBXFileReference; fileEncoding = 4; lastKnownFileType = sourcecode.c.objc; path = "NSObject+MappableObject.m"; sourceTree = "<group>"; };
		E4CB50B11964B66A00E73A9C /* OSUser.h */ = {isa = PBXFileReference; fileEncoding = 4; lastKnownFileType = sourcecode.c.h; path = OSUser.h; sourceTree = "<group>"; };
		E4CB50B21964B66A00E73A9C /* OSUser.m */ = {isa = PBXFileReference; fileEncoding = 4; lastKnownFileType = sourcecode.c.objc; path = OSUser.m; sourceTree = "<group>"; };
		E4CB50B41964BD6B00E73A9C /* OSAddress.h */ = {isa = PBXFileReference; fileEncoding = 4; lastKnownFileType = sourcecode.c.h; path = OSAddress.h; sourceTree = "<group>"; };
		E4CB50B51964BD6B00E73A9C /* OSAddress.m */ = {isa = PBXFileReference; fileEncoding = 4; lastKnownFileType = sourcecode.c.objc; path = OSAddress.m; sourceTree = "<group>"; };
		E4CB50B71964BE7400E73A9C /* OSDeliveryLocation.h */ = {isa = PBXFileReference; fileEncoding = 4; lastKnownFileType = sourcecode.c.h; path = OSDeliveryLocation.h; sourceTree = "<group>"; };
		E4CB50B81964BE7400E73A9C /* OSDeliveryLocation.m */ = {isa = PBXFileReference; fileEncoding = 4; lastKnownFileType = sourcecode.c.objc; path = OSDeliveryLocation.m; sourceTree = "<group>"; };
		E4CB50BA1964BE9600E73A9C /* OSCreditCard.h */ = {isa = PBXFileReference; fileEncoding = 4; lastKnownFileType = sourcecode.c.h; path = OSCreditCard.h; sourceTree = "<group>"; };
		E4CB50BB1964BE9600E73A9C /* OSCreditCard.m */ = {isa = PBXFileReference; fileEncoding = 4; lastKnownFileType = sourcecode.c.objc; path = OSCreditCard.m; sourceTree = "<group>"; };
		E4CB50BD1964BFAD00E73A9C /* OSStockItem.h */ = {isa = PBXFileReference; fileEncoding = 4; lastKnownFileType = sourcecode.c.h; path = OSStockItem.h; sourceTree = "<group>"; };
		E4CB50BE1964BFAD00E73A9C /* OSStockItem.m */ = {isa = PBXFileReference; fileEncoding = 4; lastKnownFileType = sourcecode.c.objc; path = OSStockItem.m; sourceTree = "<group>"; };
		E4CB50C01964C0CD00E73A9C /* OSSubscription.h */ = {isa = PBXFileReference; fileEncoding = 4; lastKnownFileType = sourcecode.c.h; path = OSSubscription.h; sourceTree = "<group>"; };
		E4CB50C11964C0CD00E73A9C /* OSSubscription.m */ = {isa = PBXFileReference; fileEncoding = 4; lastKnownFileType = sourcecode.c.objc; path = OSSubscription.m; sourceTree = "<group>"; };
		E4CB50C31964C86200E73A9C /* OSItemTableViewCell.h */ = {isa = PBXFileReference; fileEncoding = 4; lastKnownFileType = sourcecode.c.h; path = OSItemTableViewCell.h; sourceTree = "<group>"; };
		E4CB50C41964C86200E73A9C /* OSItemTableViewCell.m */ = {isa = PBXFileReference; fileEncoding = 4; lastKnownFileType = sourcecode.c.objc; path = OSItemTableViewCell.m; sourceTree = "<group>"; };
		E4D8C46F195B952D0051E76C /* OSAccountViewController.h */ = {isa = PBXFileReference; fileEncoding = 4; lastKnownFileType = sourcecode.c.h; name = OSAccountViewController.h; path = OpenShelf/OSAccountViewController.h; sourceTree = "<group>"; };
		E4D8C470195B952D0051E76C /* OSAccountViewController.m */ = {isa = PBXFileReference; fileEncoding = 4; lastKnownFileType = sourcecode.c.objc; name = OSAccountViewController.m; path = OpenShelf/OSAccountViewController.m; sourceTree = "<group>"; };
		E4D8C471195B952D0051E76C /* OSSideMenuViewController.h */ = {isa = PBXFileReference; fileEncoding = 4; lastKnownFileType = sourcecode.c.h; name = OSSideMenuViewController.h; path = OpenShelf/OSSideMenuViewController.h; sourceTree = "<group>"; };
		E4D8C472195B952D0051E76C /* OSSideMenuViewController.m */ = {isa = PBXFileReference; fileEncoding = 4; lastKnownFileType = sourcecode.c.objc; name = OSSideMenuViewController.m; path = OpenShelf/OSSideMenuViewController.m; sourceTree = "<group>"; };
		E4D8C473195B952D0051E76C /* OSMainNavigationController.h */ = {isa = PBXFileReference; fileEncoding = 4; lastKnownFileType = sourcecode.c.h; name = OSMainNavigationController.h; path = OpenShelf/OSMainNavigationController.h; sourceTree = "<group>"; };
		E4D8C474195B952D0051E76C /* OSMainNavigationController.m */ = {isa = PBXFileReference; fileEncoding = 4; lastKnownFileType = sourcecode.c.objc; name = OSMainNavigationController.m; path = OpenShelf/OSMainNavigationController.m; sourceTree = "<group>"; };
		E4D8C475195B952D0051E76C /* OSExploreViewController.h */ = {isa = PBXFileReference; fileEncoding = 4; lastKnownFileType = sourcecode.c.h; name = OSExploreViewController.h; path = OpenShelf/OSExploreViewController.h; sourceTree = "<group>"; };
		E4D8C476195B952D0051E76C /* OSExploreViewController.m */ = {isa = PBXFileReference; fileEncoding = 4; lastKnownFileType = sourcecode.c.objc; name = OSExploreViewController.m; path = OpenShelf/OSExploreViewController.m; sourceTree = "<group>"; };
/* End PBXFileReference section */

/* Begin PBXFrameworksBuildPhase section */
		E4621B70195A0A58003761AD /* Frameworks */ = {
			isa = PBXFrameworksBuildPhase;
			buildActionMask = 2147483647;
			files = (
				E4621B79195A0A58003761AD /* CoreGraphics.framework in Frameworks */,
				E4621B7B195A0A58003761AD /* UIKit.framework in Frameworks */,
				E4621B77195A0A58003761AD /* Foundation.framework in Frameworks */,
			);
			runOnlyForDeploymentPostprocessing = 0;
		};
		E4621B8B195A0A58003761AD /* Frameworks */ = {
			isa = PBXFrameworksBuildPhase;
			buildActionMask = 2147483647;
			files = (
				E4621B90195A0A58003761AD /* XCTest.framework in Frameworks */,
				E4621B92195A0A58003761AD /* UIKit.framework in Frameworks */,
				E4621B91195A0A58003761AD /* Foundation.framework in Frameworks */,
			);
			runOnlyForDeploymentPostprocessing = 0;
		};
/* End PBXFrameworksBuildPhase section */

/* Begin PBXGroup section */
		E40AFAD7196C9020002E9744 /* ItemDetailViewController */ = {
			isa = PBXGroup;
			children = (
				E46B9983197EFDFC00DEDD0B /* OSPagingImageScrollView */,
				E40AFAE3196CE6D6002E9744 /* GKLParallaxPicturesViewController.h */,
				E40AFAE4196CE6D6002E9744 /* GKLParallaxPicturesViewController.m */,
				E40AFAD8196C9045002E9744 /* OSItemDetailViewController.h */,
				E40AFAD9196C9045002E9744 /* OSItemDetailViewController.m */,
			);
			name = ItemDetailViewController;
			sourceTree = "<group>";
		};
		E4621B6A195A0A58003761AD = {
			isa = PBXGroup;
			children = (
				E4621B7C195A0A58003761AD /* OpenShelf */,
				E4621B95195A0A58003761AD /* OpenShelfTests */,
				E4621B75195A0A58003761AD /* Frameworks */,
				E4621B74195A0A58003761AD /* Products */,
			);
			sourceTree = "<group>";
		};
		E4621B74195A0A58003761AD /* Products */ = {
			isa = PBXGroup;
			children = (
				E4621B73195A0A58003761AD /* OpenShelf.app */,
				E4621B8E195A0A58003761AD /* OpenShelfTests.xctest */,
			);
			name = Products;
			sourceTree = "<group>";
		};
		E4621B75195A0A58003761AD /* Frameworks */ = {
			isa = PBXGroup;
			children = (
				E4621B76195A0A58003761AD /* Foundation.framework */,
				E4621B78195A0A58003761AD /* CoreGraphics.framework */,
				E4621B7A195A0A58003761AD /* UIKit.framework */,
				E4621B8F195A0A58003761AD /* XCTest.framework */,
			);
			name = Frameworks;
			sourceTree = "<group>";
		};
		E4621B7C195A0A58003761AD /* OpenShelf */ = {
			isa = PBXGroup;
			children = (
				E4CB50A3196497AE00E73A9C /* Delegate */,
				E4CB50A21964976600E73A9C /* Models */,
				E4CB50A5196497DB00E73A9C /* Views */,
				E4CB507919632DB200E73A9C /* Controllers */,
				E4CB50A4196497C800E73A9C /* Categories */,
				E4CB508A19636F5300E73A9C /* Networking */,
				E4621B88195A0A58003761AD /* Images.xcassets */,
				E4621B7D195A0A58003761AD /* Supporting Files */,
			);
			path = OpenShelf;
			sourceTree = "<group>";
		};
		E4621B7D195A0A58003761AD /* Supporting Files */ = {
			isa = PBXGroup;
			children = (
				E4621B7E195A0A58003761AD /* OpenShelf-Info.plist */,
				E4621B7F195A0A58003761AD /* InfoPlist.strings */,
				E4621B82195A0A58003761AD /* main.m */,
				E4621B84195A0A58003761AD /* OpenShelf-Prefix.pch */,
			);
			name = "Supporting Files";
			sourceTree = "<group>";
		};
		E4621B95195A0A58003761AD /* OpenShelfTests */ = {
			isa = PBXGroup;
			children = (
				E4621B9B195A0A58003761AD /* OpenShelfTests.m */,
				E4621B96195A0A58003761AD /* Supporting Files */,
			);
			path = OpenShelfTests;
			sourceTree = "<group>";
		};
		E4621B96195A0A58003761AD /* Supporting Files */ = {
			isa = PBXGroup;
			children = (
				E4621B97195A0A58003761AD /* OpenShelfTests-Info.plist */,
				E4621B98195A0A58003761AD /* InfoPlist.strings */,
			);
			name = "Supporting Files";
			sourceTree = "<group>";
		};
		E4621BA5195A0DAD003761AD /* Storyboards */ = {
			isa = PBXGroup;
			children = (
				E4621BA6195A0DEA003761AD /* iPhone.storyboard */,
			);
			name = Storyboards;
			sourceTree = "<group>";
		};
		E46B9983197EFDFC00DEDD0B /* OSPagingImageScrollView */ = {
			isa = PBXGroup;
			children = (
				E46B9984197EFE0D00DEDD0B /* OSPagingImageScrollView.h */,
				E46B9985197EFE0D00DEDD0B /* OSPagingImageScrollView.m */,
			);
			name = OSPagingImageScrollView;
			sourceTree = "<group>";
		};
		E48BCCE11966391F006D42BE /* REFrostedViewController */ = {
			isa = PBXGroup;
			children = (
				E48BCCE21966393B006D42BE /* RECommonFunctions.h */,
				E48BCCE31966393B006D42BE /* RECommonFunctions.m */,
				E48BCCE41966393B006D42BE /* REFrostedContainerViewController.h */,
				E48BCCE51966393B006D42BE /* REFrostedContainerViewController.m */,
				E48BCCE61966393B006D42BE /* REFrostedViewController.h */,
				E48BCCE71966393B006D42BE /* REFrostedViewController.m */,
				E48BCCE81966393B006D42BE /* UIImage+REFrostedViewController.h */,
				E48BCCE91966393B006D42BE /* UIImage+REFrostedViewController.m */,
				E48BCCEA1966393B006D42BE /* UIView+REFrostedViewController.h */,
				E48BCCEB1966393B006D42BE /* UIView+REFrostedViewController.m */,
				E48BCCEC1966393B006D42BE /* UIViewController+REFrostedViewController.h */,
				E48BCCED1966393B006D42BE /* UIViewController+REFrostedViewController.m */,
			);
			name = REFrostedViewController;
			sourceTree = "<group>";
		};
		E4CB507919632DB200E73A9C /* Controllers */ = {
			isa = PBXGroup;
			children = (
				E40AFAD7196C9020002E9744 /* ItemDetailViewController */,
				E4CB508419635E2600E73A9C /* AccountViewController */,
				E4CB508719635E5400E73A9C /* ExploreViewController */,
				E4CB508619635E4800E73A9C /* MainNavigationController */,
				E4CB507A19632DBD00E73A9C /* MainViewController */,
				E4CB508819635E6200E73A9C /* SearchViewController */,
				E4CB508519635E3B00E73A9C /* SideMenuViewControllers */,
				E46B9976197D801B00DEDD0B /* OSParallaxTableViewController.h */,
				E46B9977197D801B00DEDD0B /* OSParallaxTableViewController.m */,
			);
			name = Controllers;
			path = ..;
			sourceTree = "<group>";
		};
		E4CB507A19632DBD00E73A9C /* MainViewController */ = {
			isa = PBXGroup;
			children = (
				E4CB507B19632DE500E73A9C /* OSMainViewController.h */,
				E4CB507C19632DE500E73A9C /* OSMainViewController.m */,
			);
			name = MainViewController;
			sourceTree = "<group>";
		};
		E4CB508419635E2600E73A9C /* AccountViewController */ = {
			isa = PBXGroup;
			children = (
				E4D8C46F195B952D0051E76C /* OSAccountViewController.h */,
				E4D8C470195B952D0051E76C /* OSAccountViewController.m */,
			);
			name = AccountViewController;
			sourceTree = "<group>";
		};
		E4CB508519635E3B00E73A9C /* SideMenuViewControllers */ = {
			isa = PBXGroup;
			children = (
				E48BCCE11966391F006D42BE /* REFrostedViewController */,
				E4CB50A11964967400E73A9C /* ContentViewControllers(Base) */,
				E4CB50A01964966000E73A9C /* SideMenuViewController */,
			);
			name = SideMenuViewControllers;
			sourceTree = "<group>";
		};
		E4CB508619635E4800E73A9C /* MainNavigationController */ = {
			isa = PBXGroup;
			children = (
				E4D8C473195B952D0051E76C /* OSMainNavigationController.h */,
				E4D8C474195B952D0051E76C /* OSMainNavigationController.m */,
			);
			name = MainNavigationController;
			sourceTree = "<group>";
		};
		E4CB508719635E5400E73A9C /* ExploreViewController */ = {
			isa = PBXGroup;
			children = (
				E4D8C475195B952D0051E76C /* OSExploreViewController.h */,
				E4D8C476195B952D0051E76C /* OSExploreViewController.m */,
			);
			name = ExploreViewController;
			sourceTree = "<group>";
		};
		E4CB508819635E6200E73A9C /* SearchViewController */ = {
			isa = PBXGroup;
			children = (
				E4CB5094196397D800E73A9C /* OSSearchViewController.h */,
				E4CB5095196397D800E73A9C /* OSSearchViewController.m */,
			);
			name = SearchViewController;
			sourceTree = "<group>";
		};
		E4CB508919635E9900E73A9C /* ContentViewController */ = {
			isa = PBXGroup;
			children = (
				E4CB5092196397D800E73A9C /* OSContentViewController.h */,
				E4CB5093196397D800E73A9C /* OSContentViewController.m */,
			);
			name = ContentViewController;
			sourceTree = "<group>";
		};
		E4CB508A19636F5300E73A9C /* Networking */ = {
			isa = PBXGroup;
			children = (
				E4CB508B19636F7600E73A9C /* OSNetworking.h */,
				E4CB508C19636F7600E73A9C /* OSNetworking.m */,
			);
			name = Networking;
			sourceTree = "<group>";
		};
		E4CB508E196396CF00E73A9C /* ContentTableViewController */ = {
			isa = PBXGroup;
			children = (
				E4CB508F196397B300E73A9C /* OSContentTableViewController.h */,
				E4CB5090196397B300E73A9C /* OSContentTableViewController.m */,
			);
			name = ContentTableViewController;
			sourceTree = "<group>";
		};
		E4CB50A01964966000E73A9C /* SideMenuViewController */ = {
			isa = PBXGroup;
			children = (
				E4D8C471195B952D0051E76C /* OSSideMenuViewController.h */,
				E4D8C472195B952D0051E76C /* OSSideMenuViewController.m */,
			);
			name = SideMenuViewController;
			sourceTree = "<group>";
		};
		E4CB50A11964967400E73A9C /* ContentViewControllers(Base) */ = {
			isa = PBXGroup;
			children = (
				E4CB508E196396CF00E73A9C /* ContentTableViewController */,
				E4CB508919635E9900E73A9C /* ContentViewController */,
			);
			name = "ContentViewControllers(Base)";
			sourceTree = "<group>";
		};
		E4CB50A21964976600E73A9C /* Models */ = {
			isa = PBXGroup;
			children = (
				E4CB50AB19649EE500E73A9C /* OSItem.h */,
				E4CB50AC19649EE500E73A9C /* OSItem.m */,
				E4CB50B11964B66A00E73A9C /* OSUser.h */,
				E4CB50B21964B66A00E73A9C /* OSUser.m */,
				E4CB50B41964BD6B00E73A9C /* OSAddress.h */,
				E4CB50B51964BD6B00E73A9C /* OSAddress.m */,
				E4CB50B71964BE7400E73A9C /* OSDeliveryLocation.h */,
				E4CB50B81964BE7400E73A9C /* OSDeliveryLocation.m */,
				E4CB50BA1964BE9600E73A9C /* OSCreditCard.h */,
				E4CB50BB1964BE9600E73A9C /* OSCreditCard.m */,
				E4CB50BD1964BFAD00E73A9C /* OSStockItem.h */,
				E4CB50BE1964BFAD00E73A9C /* OSStockItem.m */,
				E4CB50C01964C0CD00E73A9C /* OSSubscription.h */,
				E4CB50C11964C0CD00E73A9C /* OSSubscription.m */,
			);
			name = Models;
			sourceTree = "<group>";
		};
		E4CB50A3196497AE00E73A9C /* Delegate */ = {
			isa = PBXGroup;
			children = (
				E4621B85195A0A58003761AD /* OSAppDelegate.h */,
				E4621B86195A0A58003761AD /* OSAppDelegate.m */,
			);
			name = Delegate;
			sourceTree = "<group>";
		};
		E4CB50A4196497C800E73A9C /* Categories */ = {
			isa = PBXGroup;
			children = (
				E4CB50A819649A0300E73A9C /* NSString+StyleConversions.h */,
				E4CB50A919649A0300E73A9C /* NSString+StyleConversions.m */,
				E4CB50AE1964A20C00E73A9C /* NSObject+MappableObject.h */,
				E4CB50AF1964A20C00E73A9C /* NSObject+MappableObject.m */,
				E46B998E197F308900DEDD0B /* UIView+Utilities.h */,
				E46B998F197F308900DEDD0B /* UIView+Utilities.m */,
				E46B999A197F39E900DEDD0B /* UITextView+Utilities.h */,
				E46B999B197F39E900DEDD0B /* UITextView+Utilities.m */,
			);
			name = Categories;
			sourceTree = "<group>";
		};
		E4CB50A5196497DB00E73A9C /* Views */ = {
			isa = PBXGroup;
			children = (
				E4621BA5195A0DAD003761AD /* Storyboards */,
				E4CB50C31964C86200E73A9C /* OSItemTableViewCell.h */,
				E4CB50C41964C86200E73A9C /* OSItemTableViewCell.m */,
			);
			name = Views;
			sourceTree = "<group>";
		};
/* End PBXGroup section */

/* Begin PBXNativeTarget section */
		E4621B72195A0A58003761AD /* OpenShelf */ = {
			isa = PBXNativeTarget;
			buildConfigurationList = E4621B9F195A0A58003761AD /* Build configuration list for PBXNativeTarget "OpenShelf" */;
			buildPhases = (
				E4621B6F195A0A58003761AD /* Sources */,
				E4621B70195A0A58003761AD /* Frameworks */,
				E4621B71195A0A58003761AD /* Resources */,
			);
			buildRules = (
			);
			dependencies = (
			);
			name = OpenShelf;
			productName = OpenShelf;
			productReference = E4621B73195A0A58003761AD /* OpenShelf.app */;
			productType = "com.apple.product-type.application";
		};
		E4621B8D195A0A58003761AD /* OpenShelfTests */ = {
			isa = PBXNativeTarget;
			buildConfigurationList = E4621BA2195A0A58003761AD /* Build configuration list for PBXNativeTarget "OpenShelfTests" */;
			buildPhases = (
				E4621B8A195A0A58003761AD /* Sources */,
				E4621B8B195A0A58003761AD /* Frameworks */,
				E4621B8C195A0A58003761AD /* Resources */,
			);
			buildRules = (
			);
			dependencies = (
				E4621B94195A0A58003761AD /* PBXTargetDependency */,
			);
			name = OpenShelfTests;
			productName = OpenShelfTests;
			productReference = E4621B8E195A0A58003761AD /* OpenShelfTests.xctest */;
			productType = "com.apple.product-type.bundle.unit-test";
		};
/* End PBXNativeTarget section */

/* Begin PBXProject section */
		E4621B6B195A0A58003761AD /* Project object */ = {
			isa = PBXProject;
			attributes = {
				CLASSPREFIX = OS;
				LastUpgradeCheck = 0510;
				ORGANIZATIONNAME = OpenShelf;
				TargetAttributes = {
					E4621B8D195A0A58003761AD = {
						TestTargetID = E4621B72195A0A58003761AD;
					};
				};
			};
			buildConfigurationList = E4621B6E195A0A58003761AD /* Build configuration list for PBXProject "OpenShelf" */;
			compatibilityVersion = "Xcode 3.2";
			developmentRegion = English;
			hasScannedForEncodings = 0;
			knownRegions = (
				en,
			);
			mainGroup = E4621B6A195A0A58003761AD;
			productRefGroup = E4621B74195A0A58003761AD /* Products */;
			projectDirPath = "";
			projectRoot = "";
			targets = (
				E4621B72195A0A58003761AD /* OpenShelf */,
				E4621B8D195A0A58003761AD /* OpenShelfTests */,
			);
		};
/* End PBXProject section */

/* Begin PBXResourcesBuildPhase section */
		E4621B71195A0A58003761AD /* Resources */ = {
			isa = PBXResourcesBuildPhase;
			buildActionMask = 2147483647;
			files = (
				E4621B81195A0A58003761AD /* InfoPlist.strings in Resources */,
				E4621B89195A0A58003761AD /* Images.xcassets in Resources */,
				E4621BA7195A0DEA003761AD /* iPhone.storyboard in Resources */,
			);
			runOnlyForDeploymentPostprocessing = 0;
		};
		E4621B8C195A0A58003761AD /* Resources */ = {
			isa = PBXResourcesBuildPhase;
			buildActionMask = 2147483647;
			files = (
				E4621B9A195A0A58003761AD /* InfoPlist.strings in Resources */,
			);
			runOnlyForDeploymentPostprocessing = 0;
		};
/* End PBXResourcesBuildPhase section */

/* Begin PBXSourcesBuildPhase section */
		E4621B6F195A0A58003761AD /* Sources */ = {
			isa = PBXSourcesBuildPhase;
			buildActionMask = 2147483647;
			files = (
				E4CB50B91964BE7400E73A9C /* OSDeliveryLocation.m in Sources */,
				E4621B87195A0A58003761AD /* OSAppDelegate.m in Sources */,
				E4D8C479195B952D0051E76C /* OSMainNavigationController.m in Sources */,
				E4CB50B01964A20C00E73A9C /* NSObject+MappableObject.m in Sources */,
				E4CB50BC1964BE9600E73A9C /* OSCreditCard.m in Sources */,
				E4D8C478195B952D0051E76C /* OSSideMenuViewController.m in Sources */,
				E4CB50B31964B66A00E73A9C /* OSUser.m in Sources */,
				E4CB50AD19649EE500E73A9C /* OSItem.m in Sources */,
				E46B9978197D801B00DEDD0B /* OSParallaxTableViewController.m in Sources */,
				E4CB50AA19649A0300E73A9C /* NSString+StyleConversions.m in Sources */,
				E48BCCF31966393B006D42BE /* UIViewController+REFrostedViewController.m in Sources */,
				E40AFADA196C9045002E9744 /* OSItemDetailViewController.m in Sources */,
				E48BCCF11966393B006D42BE /* UIImage+REFrostedViewController.m in Sources */,
				E48BCCEE1966393B006D42BE /* RECommonFunctions.m in Sources */,
				E4CB50C51964C86200E73A9C /* OSItemTableViewCell.m in Sources */,
				E48BCCEF1966393B006D42BE /* REFrostedContainerViewController.m in Sources */,
				E4CB5091196397B300E73A9C /* OSContentTableViewController.m in Sources */,
				E4621B83195A0A58003761AD /* main.m in Sources */,
				E4CB507819632C2C00E73A9C /* OSAccountViewController.m in Sources */,
				E4CB5096196397D800E73A9C /* OSContentViewController.m in Sources */,
				E40AFAE5196CE6D6002E9744 /* GKLParallaxPicturesViewController.m in Sources */,
				E4CB5097196397D800E73A9C /* OSSearchViewController.m in Sources */,
				E46B999C197F39E900DEDD0B /* UITextView+Utilities.m in Sources */,
				E48BCCF21966393B006D42BE /* UIView+REFrostedViewController.m in Sources */,
				E46B9990197F308900DEDD0B /* UIView+Utilities.m in Sources */,
				E48BCCF01966393B006D42BE /* REFrostedViewController.m in Sources */,
				E4CB507D19632DE500E73A9C /* OSMainViewController.m in Sources */,
				E4CB508D19636F7600E73A9C /* OSNetworking.m in Sources */,
				E4CB50BF1964BFAD00E73A9C /* OSStockItem.m in Sources */,
				E4CB50B61964BD6B00E73A9C /* OSAddress.m in Sources */,
				E4CB50C21964C0CD00E73A9C /* OSSubscription.m in Sources */,
				E4D8C47A195B952D0051E76C /* OSExploreViewController.m in Sources */,
				E46B9986197EFE0D00DEDD0B /* OSPagingImageScrollView.m in Sources */,
			);
			runOnlyForDeploymentPostprocessing = 0;
		};
		E4621B8A195A0A58003761AD /* Sources */ = {
			isa = PBXSourcesBuildPhase;
			buildActionMask = 2147483647;
			files = (
				E4621B9C195A0A58003761AD /* OpenShelfTests.m in Sources */,
			);
			runOnlyForDeploymentPostprocessing = 0;
		};
/* End PBXSourcesBuildPhase section */

/* Begin PBXTargetDependency section */
		E4621B94195A0A58003761AD /* PBXTargetDependency */ = {
			isa = PBXTargetDependency;
			target = E4621B72195A0A58003761AD /* OpenShelf */;
			targetProxy = E4621B93195A0A58003761AD /* PBXContainerItemProxy */;
		};
/* End PBXTargetDependency section */

/* Begin PBXVariantGroup section */
		E4621B7F195A0A58003761AD /* InfoPlist.strings */ = {
			isa = PBXVariantGroup;
			children = (
				E4621B80195A0A58003761AD /* en */,
			);
			name = InfoPlist.strings;
			sourceTree = "<group>";
		};
		E4621B98195A0A58003761AD /* InfoPlist.strings */ = {
			isa = PBXVariantGroup;
			children = (
				E4621B99195A0A58003761AD /* en */,
			);
			name = InfoPlist.strings;
			sourceTree = "<group>";
		};
/* End PBXVariantGroup section */

/* Begin XCBuildConfiguration section */
		E4621B9D195A0A58003761AD /* Debug */ = {
			isa = XCBuildConfiguration;
			buildSettings = {
				ALWAYS_SEARCH_USER_PATHS = NO;
				CLANG_CXX_LANGUAGE_STANDARD = "gnu++0x";
				CLANG_CXX_LIBRARY = "libc++";
				CLANG_ENABLE_MODULES = YES;
				CLANG_ENABLE_OBJC_ARC = YES;
				CLANG_WARN_BOOL_CONVERSION = YES;
				CLANG_WARN_CONSTANT_CONVERSION = YES;
				CLANG_WARN_DIRECT_OBJC_ISA_USAGE = YES_ERROR;
				CLANG_WARN_EMPTY_BODY = YES;
				CLANG_WARN_ENUM_CONVERSION = YES;
				CLANG_WARN_INT_CONVERSION = YES;
				CLANG_WARN_OBJC_ROOT_CLASS = YES_ERROR;
				CLANG_WARN__DUPLICATE_METHOD_MATCH = YES;
				"CODE_SIGN_IDENTITY[sdk=iphoneos*]" = "iPhone Developer";
				COPY_PHASE_STRIP = NO;
				GCC_C_LANGUAGE_STANDARD = gnu99;
				GCC_DYNAMIC_NO_PIC = NO;
				GCC_OPTIMIZATION_LEVEL = 0;
				GCC_PREPROCESSOR_DEFINITIONS = (
					"DEBUG=1",
					"$(inherited)",
				);
				GCC_SYMBOLS_PRIVATE_EXTERN = NO;
				GCC_WARN_64_TO_32_BIT_CONVERSION = YES;
				GCC_WARN_ABOUT_RETURN_TYPE = YES_ERROR;
				GCC_WARN_UNDECLARED_SELECTOR = YES;
				GCC_WARN_UNINITIALIZED_AUTOS = YES_AGGRESSIVE;
				GCC_WARN_UNUSED_FUNCTION = YES;
				GCC_WARN_UNUSED_VARIABLE = YES;
				IPHONEOS_DEPLOYMENT_TARGET = 7.1;
				ONLY_ACTIVE_ARCH = YES;
				SDKROOT = iphoneos;
			};
			name = Debug;
		};
		E4621B9E195A0A58003761AD /* Release */ = {
			isa = XCBuildConfiguration;
			buildSettings = {
				ALWAYS_SEARCH_USER_PATHS = NO;
				CLANG_CXX_LANGUAGE_STANDARD = "gnu++0x";
				CLANG_CXX_LIBRARY = "libc++";
				CLANG_ENABLE_MODULES = YES;
				CLANG_ENABLE_OBJC_ARC = YES;
				CLANG_WARN_BOOL_CONVERSION = YES;
				CLANG_WARN_CONSTANT_CONVERSION = YES;
				CLANG_WARN_DIRECT_OBJC_ISA_USAGE = YES_ERROR;
				CLANG_WARN_EMPTY_BODY = YES;
				CLANG_WARN_ENUM_CONVERSION = YES;
				CLANG_WARN_INT_CONVERSION = YES;
				CLANG_WARN_OBJC_ROOT_CLASS = YES_ERROR;
				CLANG_WARN__DUPLICATE_METHOD_MATCH = YES;
				"CODE_SIGN_IDENTITY[sdk=iphoneos*]" = "iPhone Developer";
				COPY_PHASE_STRIP = YES;
				ENABLE_NS_ASSERTIONS = NO;
				GCC_C_LANGUAGE_STANDARD = gnu99;
				GCC_WARN_64_TO_32_BIT_CONVERSION = YES;
				GCC_WARN_ABOUT_RETURN_TYPE = YES_ERROR;
				GCC_WARN_UNDECLARED_SELECTOR = YES;
				GCC_WARN_UNINITIALIZED_AUTOS = YES_AGGRESSIVE;
				GCC_WARN_UNUSED_FUNCTION = YES;
				GCC_WARN_UNUSED_VARIABLE = YES;
				IPHONEOS_DEPLOYMENT_TARGET = 7.1;
				SDKROOT = iphoneos;
				VALIDATE_PRODUCT = YES;
			};
			name = Release;
		};
		E4621BA0195A0A58003761AD /* Debug */ = {
			isa = XCBuildConfiguration;
			buildSettings = {
				ASSETCATALOG_COMPILER_APPICON_NAME = AppIcon;
				ASSETCATALOG_COMPILER_LAUNCHIMAGE_NAME = LaunchImage;
				GCC_PRECOMPILE_PREFIX_HEADER = YES;
				GCC_PREFIX_HEADER = "OpenShelf/OpenShelf-Prefix.pch";
				INFOPLIST_FILE = "OpenShelf/OpenShelf-Info.plist";
				IPHONEOS_DEPLOYMENT_TARGET = 7.0;
				PRODUCT_NAME = "$(TARGET_NAME)";
				WRAPPER_EXTENSION = app;
			};
			name = Debug;
		};
		E4621BA1195A0A58003761AD /* Release */ = {
			isa = XCBuildConfiguration;
			buildSettings = {
				ASSETCATALOG_COMPILER_APPICON_NAME = AppIcon;
				ASSETCATALOG_COMPILER_LAUNCHIMAGE_NAME = LaunchImage;
				GCC_PRECOMPILE_PREFIX_HEADER = YES;
				GCC_PREFIX_HEADER = "OpenShelf/OpenShelf-Prefix.pch";
				INFOPLIST_FILE = "OpenShelf/OpenShelf-Info.plist";
				IPHONEOS_DEPLOYMENT_TARGET = 7.0;
				PRODUCT_NAME = "$(TARGET_NAME)";
				WRAPPER_EXTENSION = app;
			};
			name = Release;
		};
		E4621BA3195A0A58003761AD /* Debug */ = {
			isa = XCBuildConfiguration;
			buildSettings = {
				BUNDLE_LOADER = "$(BUILT_PRODUCTS_DIR)/OpenShelf.app/OpenShelf";
				FRAMEWORK_SEARCH_PATHS = (
					"$(SDKROOT)/Developer/Library/Frameworks",
					"$(inherited)",
					"$(DEVELOPER_FRAMEWORKS_DIR)",
				);
				GCC_PRECOMPILE_PREFIX_HEADER = YES;
				GCC_PREFIX_HEADER = "OpenShelf/OpenShelf-Prefix.pch";
				GCC_PREPROCESSOR_DEFINITIONS = (
					"DEBUG=1",
					"$(inherited)",
				);
				INFOPLIST_FILE = "OpenShelfTests/OpenShelfTests-Info.plist";
				PRODUCT_NAME = "$(TARGET_NAME)";
				TEST_HOST = "$(BUNDLE_LOADER)";
				WRAPPER_EXTENSION = xctest;
			};
			name = Debug;
		};
		E4621BA4195A0A58003761AD /* Release */ = {
			isa = XCBuildConfiguration;
			buildSettings = {
				BUNDLE_LOADER = "$(BUILT_PRODUCTS_DIR)/OpenShelf.app/OpenShelf";
				FRAMEWORK_SEARCH_PATHS = (
					"$(SDKROOT)/Developer/Library/Frameworks",
					"$(inherited)",
					"$(DEVELOPER_FRAMEWORKS_DIR)",
				);
				GCC_PRECOMPILE_PREFIX_HEADER = YES;
				GCC_PREFIX_HEADER = "OpenShelf/OpenShelf-Prefix.pch";
				INFOPLIST_FILE = "OpenShelfTests/OpenShelfTests-Info.plist";
				PRODUCT_NAME = "$(TARGET_NAME)";
				TEST_HOST = "$(BUNDLE_LOADER)";
				WRAPPER_EXTENSION = xctest;
			};
			name = Release;
		};
/* End XCBuildConfiguration section */

/* Begin XCConfigurationList section */
		E4621B6E195A0A58003761AD /* Build configuration list for PBXProject "OpenShelf" */ = {
			isa = XCConfigurationList;
			buildConfigurations = (
				E4621B9D195A0A58003761AD /* Debug */,
				E4621B9E195A0A58003761AD /* Release */,
			);
			defaultConfigurationIsVisible = 0;
			defaultConfigurationName = Release;
		};
		E4621B9F195A0A58003761AD /* Build configuration list for PBXNativeTarget "OpenShelf" */ = {
			isa = XCConfigurationList;
			buildConfigurations = (
				E4621BA0195A0A58003761AD /* Debug */,
				E4621BA1195A0A58003761AD /* Release */,
			);
			defaultConfigurationIsVisible = 0;
			defaultConfigurationName = Release;
		};
		E4621BA2195A0A58003761AD /* Build configuration list for PBXNativeTarget "OpenShelfTests" */ = {
			isa = XCConfigurationList;
			buildConfigurations = (
				E4621BA3195A0A58003761AD /* Debug */,
				E4621BA4195A0A58003761AD /* Release */,
			);
			defaultConfigurationIsVisible = 0;
			defaultConfigurationName = Release;
		};
/* End XCConfigurationList section */
	};
	rootObject = E4621B6B195A0A58003761AD /* Project object */;
}
